
Microsoft Visual Studio Solution File, Format Version 12.00
# Visual Studio Version 17
VisualStudioVersion = 17.3.32825.248
MinimumVisualStudioVersion = 10.0.40219.1
Project("{FAE04EC0-301F-11D3-BF4B-00C04F79EFBC}") = "WebSite", "WebSite\WebSite.csproj", "{9484281B-DA07-4975-AC6F-7A909AC54900}"
EndProject
Global
	GlobalSection(SolutionConfigurationPlatforms) = preSolution
		Debug|Any CPU = Debug|Any CPU
		Release|Any CPU = Release|Any CPU
	EndGlobalSection
	GlobalSection(ProjectConfigurationPlatforms) = postSolution
		{9484281B-DA07-4975-AC6F-7A909AC54900}.Debug|Any CPU.ActiveCfg = Debug|Any CPU
		{9484281B-DA07-4975-AC6F-7A909AC54900}.Debug|Any CPU.Build.0 = Debug|Any CPU
		{9484281B-DA07-4975-AC6F-7A909AC54900}.Release|Any CPU.ActiveCfg = Release|Any CPU
		{9484281B-DA07-4975-AC6F-7A909AC54900}.Release|Any CPU.Build.0 = Release|Any CPU
	EndGlobalSection
	GlobalSection(SolutionProperties) = preSolution
		HideSolutionNode = FALSE
	EndGlobalSection
	GlobalSection(ExtensibilityGlobals) = postSolution
		SolutionGuid = {E2C1A1DF-78A6-4E0F-AAEB-1C3542FA1F90}
	EndGlobalSection
EndGlobal
